
Microsoft Visual Studio Solution File, Format Version 12.00
# Visual Studio Version 16
VisualStudioVersion = 16.0.32428.217
MinimumVisualStudioVersion = 10.0.40219.1
Project("{FAE04EC0-301F-11D3-BF4B-00C04F79EFBC}") = "TaskGuardian", "TaskGuardian.csproj", "{8A135E5D-9C43-4EBA-9BE9-2F8701F5F205}"
EndProject
Global
	GlobalSection(SolutionConfigurationPlatforms) = preSolution
		Debug|Any CPU = Debug|Any CPU
		Release|Any CPU = Release|Any CPU
	EndGlobalSection
	GlobalSection(ProjectConfigurationPlatforms) = postSolution
		{8A135E5D-9C43-4EBA-9BE9-2F8701F5F205}.Debug|Any CPU.ActiveCfg = Debug|Any CPU
		{8A135E5D-9C43-4EBA-9BE9-2F8701F5F205}.Debug|Any CPU.Build.0 = Debug|Any CPU
		{8A135E5D-9C43-4EBA-9BE9-2F8701F5F205}.Release|Any CPU.ActiveCfg = Release|Any CPU
		{8A135E5D-9C43-4EBA-9BE9-2F8701F5F205}.Release|Any CPU.Build.0 = Release|Any CPU
	EndGlobalSection
	GlobalSection(SolutionProperties) = preSolution
		HideSolutionNode = FALSE
	EndGlobalSection
	GlobalSection(ExtensibilityGlobals) = postSolution
		SolutionGuid = {B1914375-C8E2-4CB9-8300-B9816F986E43}
	EndGlobalSection
EndGlobal
